
Microsoft Visual Studio Solution File, Format Version 12.00
# Visual Studio Version 16
VisualStudioVersion = 16.0.29411.108
MinimumVisualStudioVersion = 10.0.40219.1
Project("{FAE04EC0-301F-11D3-BF4B-00C04F79EFBC}") = "Almicantarat.Droid", "Almicantarat\Almicantarat.Droid\Almicantarat.Droid.csproj", "{A66162D8-9D32-418D-88FC-AFEE04183D32}"
EndProject
Project("{FAE04EC0-301F-11D3-BF4B-00C04F79EFBC}") = "Almicantarat.UWP", "Almicantarat\Almicantarat.UWP\Almicantarat.UWP.csproj", "{4C49768C-55D7-45FE-9935-3997A1D41D5A}"
EndProject
Project("{9A19103F-16F7-4668-BE54-9A1E7A4F7556}") = "AlmicantaratXF", "Almicantarat\AlmicantaratXF\AlmicantaratXF.csproj", "{7D19B2CA-26D0-49FF-8E7F-4392D7D7431D}"
EndProject
Project("{9A19103F-16F7-4668-BE54-9A1E7A4F7556}") = "UnitTestProjectXF", "UnitTestProjectXF\UnitTestProjectXF.csproj", "{79FC8506-250E-40D3-BFD8-228725268339}"
EndProject
Project("{9A19103F-16F7-4668-BE54-9A1E7A4F7556}") = "UnitTestSharedProject", "UnitTestSharedProject\UnitTestSharedProject.csproj", "{E5AE6878-9657-4552-84DF-3A5A3A775E8D}"
EndProject
Global
	GlobalSection(SolutionConfigurationPlatforms) = preSolution
		Ad-Hoc|Any CPU = Ad-Hoc|Any CPU
		Ad-Hoc|ARM = Ad-Hoc|ARM
		Ad-Hoc|iPhone = Ad-Hoc|iPhone
		Ad-Hoc|iPhoneSimulator = Ad-Hoc|iPhoneSimulator
		Ad-Hoc|x64 = Ad-Hoc|x64
		Ad-Hoc|x86 = Ad-Hoc|x86
		AppStore|Any CPU = AppStore|Any CPU
		AppStore|ARM = AppStore|ARM
		AppStore|iPhone = AppStore|iPhone
		AppStore|iPhoneSimulator = AppStore|iPhoneSimulator
		AppStore|x64 = AppStore|x64
		AppStore|x86 = AppStore|x86
		Debug|Any CPU = Debug|Any CPU
		Debug|ARM = Debug|ARM
		Debug|iPhone = Debug|iPhone
		Debug|iPhoneSimulator = Debug|iPhoneSimulator
		Debug|x64 = Debug|x64
		Debug|x86 = Debug|x86
		Release|Any CPU = Release|Any CPU
		Release|ARM = Release|ARM
		Release|iPhone = Release|iPhone
		Release|iPhoneSimulator = Release|iPhoneSimulator
		Release|x64 = Release|x64
		Release|x86 = Release|x86
	EndGlobalSection
	GlobalSection(ProjectConfigurationPlatforms) = postSolution
		{A66162D8-9D32-418D-88FC-AFEE04183D32}.Ad-Hoc|Any CPU.ActiveCfg = Release|Any CPU
		{A66162D8-9D32-418D-88FC-AFEE04183D32}.Ad-Hoc|Any CPU.Build.0 = Release|Any CPU
		{A66162D8-9D32-418D-88FC-AFEE04183D32}.Ad-Hoc|Any CPU.Deploy.0 = Release|Any CPU
		{A66162D8-9D32-418D-88FC-AFEE04183D32}.Ad-Hoc|ARM.ActiveCfg = Release|Any CPU
		{A66162D8-9D32-418D-88FC-AFEE04183D32}.Ad-Hoc|ARM.Build.0 = Release|Any CPU
		{A66162D8-9D32-418D-88FC-AFEE04183D32}.Ad-Hoc|ARM.Deploy.0 = Release|Any CPU
		{A66162D8-9D32-418D-88FC-AFEE04183D32}.Ad-Hoc|iPhone.ActiveCfg = Release|Any CPU
		{A66162D8-9D32-418D-88FC-AFEE04183D32}.Ad-Hoc|iPhone.Build.0 = Release|Any CPU
		{A66162D8-9D32-418D-88FC-AFEE04183D32}.Ad-Hoc|iPhone.Deploy.0 = Release|Any CPU
		{A66162D8-9D32-418D-88FC-AFEE04183D32}.Ad-Hoc|iPhoneSimulator.ActiveCfg = Release|Any CPU
		{A66162D8-9D32-418D-88FC-AFEE04183D32}.Ad-Hoc|iPhoneSimulator.Build.0 = Release|Any CPU
		{A66162D8-9D32-418D-88FC-AFEE04183D32}.Ad-Hoc|iPhoneSimulator.Deploy.0 = Release|Any CPU
		{A66162D8-9D32-418D-88FC-AFEE04183D32}.Ad-Hoc|x64.ActiveCfg = Release|Any CPU
		{A66162D8-9D32-418D-88FC-AFEE04183D32}.Ad-Hoc|x64.Build.0 = Release|Any CPU
		{A66162D8-9D32-418D-88FC-AFEE04183D32}.Ad-Hoc|x64.Deploy.0 = Release|Any CPU
		{A66162D8-9D32-418D-88FC-AFEE04183D32}.Ad-Hoc|x86.ActiveCfg = Release|Any CPU
		{A66162D8-9D32-418D-88FC-AFEE04183D32}.Ad-Hoc|x86.Build.0 = Release|Any CPU
		{A66162D8-9D32-418D-88FC-AFEE04183D32}.Ad-Hoc|x86.Deploy.0 = Release|Any CPU
		{A66162D8-9D32-418D-88FC-AFEE04183D32}.AppStore|Any CPU.ActiveCfg = Release|Any CPU
		{A66162D8-9D32-418D-88FC-AFEE04183D32}.AppStore|Any CPU.Build.0 = Release|Any CPU
		{A66162D8-9D32-418D-88FC-AFEE04183D32}.AppStore|Any CPU.Deploy.0 = Release|Any CPU
		{A66162D8-9D32-418D-88FC-AFEE04183D32}.AppStore|ARM.ActiveCfg = Release|Any CPU
		{A66162D8-9D32-418D-88FC-AFEE04183D32}.AppStore|ARM.Build.0 = Release|Any CPU
		{A66162D8-9D32-418D-88FC-AFEE04183D32}.AppStore|ARM.Deploy.0 = Release|Any CPU
		{A66162D8-9D32-418D-88FC-AFEE04183D32}.AppStore|iPhone.ActiveCfg = Release|Any CPU
		{A66162D8-9D32-418D-88FC-AFEE04183D32}.AppStore|iPhone.Build.0 = Release|Any CPU
		{A66162D8-9D32-418D-88FC-AFEE04183D32}.AppStore|iPhone.Deploy.0 = Release|Any CPU
		{A66162D8-9D32-418D-88FC-AFEE04183D32}.AppStore|iPhoneSimulator.ActiveCfg = Release|Any CPU
		{A66162D8-9D32-418D-88FC-AFEE04183D32}.AppStore|iPhoneSimulator.Build.0 = Release|Any CPU
		{A66162D8-9D32-418D-88FC-AFEE04183D32}.AppStore|iPhoneSimulator.Deploy.0 = Release|Any CPU
		{A66162D8-9D32-418D-88FC-AFEE04183D32}.AppStore|x64.ActiveCfg = Release|Any CPU
		{A66162D8-9D32-418D-88FC-AFEE04183D32}.AppStore|x64.Build.0 = Release|Any CPU
		{A66162D8-9D32-418D-88FC-AFEE04183D32}.AppStore|x64.Deploy.0 = Release|Any CPU
		{A66162D8-9D32-418D-88FC-AFEE04183D32}.AppStore|x86.ActiveCfg = Release|Any CPU
		{A66162D8-9D32-418D-88FC-AFEE04183D32}.AppStore|x86.Build.0 = Release|Any CPU
		{A66162D8-9D32-418D-88FC-AFEE04183D32}.AppStore|x86.Deploy.0 = Release|Any CPU
		{A66162D8-9D32-418D-88FC-AFEE04183D32}.Debug|Any CPU.ActiveCfg = Debug|Any CPU
		{A66162D8-9D32-418D-88FC-AFEE04183D32}.Debug|Any CPU.Build.0 = Debug|Any CPU
		{A66162D8-9D32-418D-88FC-AFEE04183D32}.Debug|Any CPU.Deploy.0 = Debug|Any CPU
		{A66162D8-9D32-418D-88FC-AFEE04183D32}.Debug|ARM.ActiveCfg = Debug|Any CPU
		{A66162D8-9D32-418D-88FC-AFEE04183D32}.Debug|ARM.Build.0 = Debug|Any CPU
		{A66162D8-9D32-418D-88FC-AFEE04183D32}.Debug|ARM.Deploy.0 = Debug|Any CPU
		{A66162D8-9D32-418D-88FC-AFEE04183D32}.Debug|iPhone.ActiveCfg = Debug|Any CPU
		{A66162D8-9D32-418D-88FC-AFEE04183D32}.Debug|iPhone.Build.0 = Debug|Any CPU
		{A66162D8-9D32-418D-88FC-AFEE04183D32}.Debug|iPhone.Deploy.0 = Debug|Any CPU
		{A66162D8-9D32-418D-88FC-AFEE04183D32}.Debug|iPhoneSimulator.ActiveCfg = Debug|Any CPU
		{A66162D8-9D32-418D-88FC-AFEE04183D32}.Debug|iPhoneSimulator.Build.0 = Debug|Any CPU
		{A66162D8-9D32-418D-88FC-AFEE04183D32}.Debug|iPhoneSimulator.Deploy.0 = Debug|Any CPU
		{A66162D8-9D32-418D-88FC-AFEE04183D32}.Debug|x64.ActiveCfg = Debug|Any CPU
		{A66162D8-9D32-418D-88FC-AFEE04183D32}.Debug|x64.Build.0 = Debug|Any CPU
		{A66162D8-9D32-418D-88FC-AFEE04183D32}.Debug|x64.Deploy.0 = Debug|Any CPU
		{A66162D8-9D32-418D-88FC-AFEE04183D32}.Debug|x86.ActiveCfg = Debug|Any CPU
		{A66162D8-9D32-418D-88FC-AFEE04183D32}.Debug|x86.Build.0 = Debug|Any CPU
		{A66162D8-9D32-418D-88FC-AFEE04183D32}.Debug|x86.Deploy.0 = Debug|Any CPU
		{A66162D8-9D32-418D-88FC-AFEE04183D32}.Release|Any CPU.ActiveCfg = Release|Any CPU
		{A66162D8-9D32-418D-88FC-AFEE04183D32}.Release|Any CPU.Build.0 = Release|Any CPU
		{A66162D8-9D32-418D-88FC-AFEE04183D32}.Release|Any CPU.Deploy.0 = Release|Any CPU
		{A66162D8-9D32-418D-88FC-AFEE04183D32}.Release|ARM.ActiveCfg = Release|Any CPU
		{A66162D8-9D32-418D-88FC-AFEE04183D32}.Release|ARM.Build.0 = Release|Any CPU
		{A66162D8-9D32-418D-88FC-AFEE04183D32}.Release|ARM.Deploy.0 = Release|Any CPU
		{A66162D8-9D32-418D-88FC-AFEE04183D32}.Release|iPhone.ActiveCfg = Release|Any CPU
		{A66162D8-9D32-418D-88FC-AFEE04183D32}.Release|iPhone.Build.0 = Release|Any CPU
		{A66162D8-9D32-418D-88FC-AFEE04183D32}.Release|iPhone.Deploy.0 = Release|Any CPU
		{A66162D8-9D32-418D-88FC-AFEE04183D32}.Release|iPhoneSimulator.ActiveCfg = Release|Any CPU
		{A66162D8-9D32-418D-88FC-AFEE04183D32}.Release|iPhoneSimulator.Build.0 = Release|Any CPU
		{A66162D8-9D32-418D-88FC-AFEE04183D32}.Release|iPhoneSimulator.Deploy.0 = Release|Any CPU
		{A66162D8-9D32-418D-88FC-AFEE04183D32}.Release|x64.ActiveCfg = Release|Any CPU
		{A66162D8-9D32-418D-88FC-AFEE04183D32}.Release|x64.Build.0 = Release|Any CPU
		{A66162D8-9D32-418D-88FC-AFEE04183D32}.Release|x64.Deploy.0 = Release|Any CPU
		{A66162D8-9D32-418D-88FC-AFEE04183D32}.Release|x86.ActiveCfg = Release|Any CPU
		{A66162D8-9D32-418D-88FC-AFEE04183D32}.Release|x86.Build.0 = Release|Any CPU
		{A66162D8-9D32-418D-88FC-AFEE04183D32}.Release|x86.Deploy.0 = Release|Any CPU
		{4C49768C-55D7-45FE-9935-3997A1D41D5A}.Ad-Hoc|Any CPU.ActiveCfg = Release|x86
		{4C49768C-55D7-45FE-9935-3997A1D41D5A}.Ad-Hoc|Any CPU.Build.0 = Release|x86
		{4C49768C-55D7-45FE-9935-3997A1D41D5A}.Ad-Hoc|Any CPU.Deploy.0 = Release|x86
		{4C49768C-55D7-45FE-9935-3997A1D41D5A}.Ad-Hoc|ARM.ActiveCfg = Release|ARM
		{4C49768C-55D7-45FE-9935-3997A1D41D5A}.Ad-Hoc|ARM.Build.0 = Release|ARM
		{4C49768C-55D7-45FE-9935-3997A1D41D5A}.Ad-Hoc|ARM.Deploy.0 = Release|ARM
		{4C49768C-55D7-45FE-9935-3997A1D41D5A}.Ad-Hoc|iPhone.ActiveCfg = Release|x86
		{4C49768C-55D7-45FE-9935-3997A1D41D5A}.Ad-Hoc|iPhone.Build.0 = Release|x86
		{4C49768C-55D7-45FE-9935-3997A1D41D5A}.Ad-Hoc|iPhone.Deploy.0 = Release|x86
		{4C49768C-55D7-45FE-9935-3997A1D41D5A}.Ad-Hoc|iPhoneSimulator.ActiveCfg = Release|x86
		{4C49768C-55D7-45FE-9935-3997A1D41D5A}.Ad-Hoc|iPhoneSimulator.Build.0 = Release|x86
		{4C49768C-55D7-45FE-9935-3997A1D41D5A}.Ad-Hoc|iPhoneSimulator.Deploy.0 = Release|x86
		{4C49768C-55D7-45FE-9935-3997A1D41D5A}.Ad-Hoc|x64.ActiveCfg = Release|x64
		{4C49768C-55D7-45FE-9935-3997A1D41D5A}.Ad-Hoc|x64.Build.0 = Release|x64
		{4C49768C-55D7-45FE-9935-3997A1D41D5A}.Ad-Hoc|x64.Deploy.0 = Release|x64
		{4C49768C-55D7-45FE-9935-3997A1D41D5A}.Ad-Hoc|x86.ActiveCfg = Release|x86
		{4C49768C-55D7-45FE-9935-3997A1D41D5A}.Ad-Hoc|x86.Build.0 = Release|x86
		{4C49768C-55D7-45FE-9935-3997A1D41D5A}.Ad-Hoc|x86.Deploy.0 = Release|x86
		{4C49768C-55D7-45FE-9935-3997A1D41D5A}.AppStore|Any CPU.ActiveCfg = Release|x86
		{4C49768C-55D7-45FE-9935-3997A1D41D5A}.AppStore|Any CPU.Build.0 = Release|x86
		{4C49768C-55D7-45FE-9935-3997A1D41D5A}.AppStore|Any CPU.Deploy.0 = Release|x86
		{4C49768C-55D7-45FE-9935-3997A1D41D5A}.AppStore|ARM.ActiveCfg = Release|ARM
		{4C49768C-55D7-45FE-9935-3997A1D41D5A}.AppStore|ARM.Build.0 = Release|ARM
		{4C49768C-55D7-45FE-9935-3997A1D41D5A}.AppStore|ARM.Deploy.0 = Release|ARM
		{4C49768C-55D7-45FE-9935-3997A1D41D5A}.AppStore|iPhone.ActiveCfg = Release|x86
		{4C49768C-55D7-45FE-9935-3997A1D41D5A}.AppStore|iPhone.Build.0 = Release|x86
		{4C49768C-55D7-45FE-9935-3997A1D41D5A}.AppStore|iPhone.Deploy.0 = Release|x86
		{4C49768C-55D7-45FE-9935-3997A1D41D5A}.AppStore|iPhoneSimulator.ActiveCfg = Release|x86
		{4C49768C-55D7-45FE-9935-3997A1D41D5A}.AppStore|iPhoneSimulator.Build.0 = Release|x86
		{4C49768C-55D7-45FE-9935-3997A1D41D5A}.AppStore|iPhoneSimulator.Deploy.0 = Release|x86
		{4C49768C-55D7-45FE-9935-3997A1D41D5A}.AppStore|x64.ActiveCfg = Release|x64
		{4C49768C-55D7-45FE-9935-3997A1D41D5A}.AppStore|x64.Build.0 = Release|x64
		{4C49768C-55D7-45FE-9935-3997A1D41D5A}.AppStore|x64.Deploy.0 = Release|x64
		{4C49768C-55D7-45FE-9935-3997A1D41D5A}.AppStore|x86.ActiveCfg = Release|x86
		{4C49768C-55D7-45FE-9935-3997A1D41D5A}.AppStore|x86.Build.0 = Release|x86
		{4C49768C-55D7-45FE-9935-3997A1D41D5A}.AppStore|x86.Deploy.0 = Release|x86
		{4C49768C-55D7-45FE-9935-3997A1D41D5A}.Debug|Any CPU.ActiveCfg = Debug|x64
		{4C49768C-55D7-45FE-9935-3997A1D41D5A}.Debug|Any CPU.Build.0 = Debug|x64
		{4C49768C-55D7-45FE-9935-3997A1D41D5A}.Debug|Any CPU.Deploy.0 = Debug|x64
		{4C49768C-55D7-45FE-9935-3997A1D41D5A}.Debug|ARM.ActiveCfg = Debug|ARM
		{4C49768C-55D7-45FE-9935-3997A1D41D5A}.Debug|ARM.Build.0 = Debug|ARM
		{4C49768C-55D7-45FE-9935-3997A1D41D5A}.Debug|ARM.Deploy.0 = Debug|ARM
		{4C49768C-55D7-45FE-9935-3997A1D41D5A}.Debug|iPhone.ActiveCfg = Debug|x86
		{4C49768C-55D7-45FE-9935-3997A1D41D5A}.Debug|iPhoneSimulator.ActiveCfg = Debug|x86
		{4C49768C-55D7-45FE-9935-3997A1D41D5A}.Debug|x64.ActiveCfg = Debug|x64
		{4C49768C-55D7-45FE-9935-3997A1D41D5A}.Debug|x64.Build.0 = Debug|x64
		{4C49768C-55D7-45FE-9935-3997A1D41D5A}.Debug|x64.Deploy.0 = Debug|x64
		{4C49768C-55D7-45FE-9935-3997A1D41D5A}.Debug|x86.ActiveCfg = Debug|x86
		{4C49768C-55D7-45FE-9935-3997A1D41D5A}.Debug|x86.Build.0 = Debug|x86
		{4C49768C-55D7-45FE-9935-3997A1D41D5A}.Debug|x86.Deploy.0 = Debug|x86
		{4C49768C-55D7-45FE-9935-3997A1D41D5A}.Release|Any CPU.ActiveCfg = Release|x86
		{4C49768C-55D7-45FE-9935-3997A1D41D5A}.Release|ARM.ActiveCfg = Release|ARM
		{4C49768C-55D7-45FE-9935-3997A1D41D5A}.Release|ARM.Build.0 = Release|ARM
		{4C49768C-55D7-45FE-9935-3997A1D41D5A}.Release|ARM.Deploy.0 = Release|ARM
		{4C49768C-55D7-45FE-9935-3997A1D41D5A}.Release|iPhone.ActiveCfg = Release|x86
		{4C49768C-55D7-45FE-9935-3997A1D41D5A}.Release|iPhoneSimulator.ActiveCfg = Release|x86
		{4C49768C-55D7-45FE-9935-3997A1D41D5A}.Release|x64.ActiveCfg = Release|x64
		{4C49768C-55D7-45FE-9935-3997A1D41D5A}.Release|x64.Build.0 = Release|x64
		{4C49768C-55D7-45FE-9935-3997A1D41D5A}.Release|x64.Deploy.0 = Release|x64
		{4C49768C-55D7-45FE-9935-3997A1D41D5A}.Release|x86.ActiveCfg = Release|x86
		{4C49768C-55D7-45FE-9935-3997A1D41D5A}.Release|x86.Build.0 = Release|x86
		{4C49768C-55D7-45FE-9935-3997A1D41D5A}.Release|x86.Deploy.0 = Release|x86
		{7D19B2CA-26D0-49FF-8E7F-4392D7D7431D}.Ad-Hoc|Any CPU.ActiveCfg = Debug|Any CPU
		{7D19B2CA-26D0-49FF-8E7F-4392D7D7431D}.Ad-Hoc|Any CPU.Build.0 = Debug|Any CPU
		{7D19B2CA-26D0-49FF-8E7F-4392D7D7431D}.Ad-Hoc|ARM.ActiveCfg = Debug|Any CPU
		{7D19B2CA-26D0-49FF-8E7F-4392D7D7431D}.Ad-Hoc|ARM.Build.0 = Debug|Any CPU
		{7D19B2CA-26D0-49FF-8E7F-4392D7D7431D}.Ad-Hoc|iPhone.ActiveCfg = Debug|Any CPU
		{7D19B2CA-26D0-49FF-8E7F-4392D7D7431D}.Ad-Hoc|iPhone.Build.0 = Debug|Any CPU
		{7D19B2CA-26D0-49FF-8E7F-4392D7D7431D}.Ad-Hoc|iPhoneSimulator.ActiveCfg = Debug|Any CPU
		{7D19B2CA-26D0-49FF-8E7F-4392D7D7431D}.Ad-Hoc|iPhoneSimulator.Build.0 = Debug|Any CPU
		{7D19B2CA-26D0-49FF-8E7F-4392D7D7431D}.Ad-Hoc|x64.ActiveCfg = Debug|Any CPU
		{7D19B2CA-26D0-49FF-8E7F-4392D7D7431D}.Ad-Hoc|x64.Build.0 = Debug|Any CPU
		{7D19B2CA-26D0-49FF-8E7F-4392D7D7431D}.Ad-Hoc|x86.ActiveCfg = Debug|Any CPU
		{7D19B2CA-26D0-49FF-8E7F-4392D7D7431D}.Ad-Hoc|x86.Build.0 = Debug|Any CPU
		{7D19B2CA-26D0-49FF-8E7F-4392D7D7431D}.AppStore|Any CPU.ActiveCfg = Debug|Any CPU
		{7D19B2CA-26D0-49FF-8E7F-4392D7D7431D}.AppStore|Any CPU.Build.0 = Debug|Any CPU
		{7D19B2CA-26D0-49FF-8E7F-4392D7D7431D}.AppStore|ARM.ActiveCfg = Debug|Any CPU
		{7D19B2CA-26D0-49FF-8E7F-4392D7D7431D}.AppStore|ARM.Build.0 = Debug|Any CPU
		{7D19B2CA-26D0-49FF-8E7F-4392D7D7431D}.AppStore|iPhone.ActiveCfg = Debug|Any CPU
		{7D19B2CA-26D0-49FF-8E7F-4392D7D7431D}.AppStore|iPhone.Build.0 = Debug|Any CPU
		{7D19B2CA-26D0-49FF-8E7F-4392D7D7431D}.AppStore|iPhoneSimulator.ActiveCfg = Debug|Any CPU
		{7D19B2CA-26D0-49FF-8E7F-4392D7D7431D}.AppStore|iPhoneSimulator.Build.0 = Debug|Any CPU
		{7D19B2CA-26D0-49FF-8E7F-4392D7D7431D}.AppStore|x64.ActiveCfg = Debug|Any CPU
		{7D19B2CA-26D0-49FF-8E7F-4392D7D7431D}.AppStore|x64.Build.0 = Debug|Any CPU
		{7D19B2CA-26D0-49FF-8E7F-4392D7D7431D}.AppStore|x86.ActiveCfg = Debug|Any CPU
		{7D19B2CA-26D0-49FF-8E7F-4392D7D7431D}.AppStore|x86.Build.0 = Debug|Any CPU
		{7D19B2CA-26D0-49FF-8E7F-4392D7D7431D}.Debug|Any CPU.ActiveCfg = Debug|Any CPU
		{7D19B2CA-26D0-49FF-8E7F-4392D7D7431D}.Debug|Any CPU.Build.0 = Debug|Any CPU
		{7D19B2CA-26D0-49FF-8E7F-4392D7D7431D}.Debug|ARM.ActiveCfg = Debug|Any CPU
		{7D19B2CA-26D0-49FF-8E7F-4392D7D7431D}.Debug|ARM.Build.0 = Debug|Any CPU
		{7D19B2CA-26D0-49FF-8E7F-4392D7D7431D}.Debug|iPhone.ActiveCfg = Debug|Any CPU
		{7D19B2CA-26D0-49FF-8E7F-4392D7D7431D}.Debug|iPhone.Build.0 = Debug|Any CPU
		{7D19B2CA-26D0-49FF-8E7F-4392D7D7431D}.Debug|iPhoneSimulator.ActiveCfg = Debug|Any CPU
		{7D19B2CA-26D0-49FF-8E7F-4392D7D7431D}.Debug|iPhoneSimulator.Build.0 = Debug|Any CPU
		{7D19B2CA-26D0-49FF-8E7F-4392D7D7431D}.Debug|x64.ActiveCfg = Debug|Any CPU
		{7D19B2CA-26D0-49FF-8E7F-4392D7D7431D}.Debug|x64.Build.0 = Debug|Any CPU
		{7D19B2CA-26D0-49FF-8E7F-4392D7D7431D}.Debug|x86.ActiveCfg = Debug|Any CPU
		{7D19B2CA-26D0-49FF-8E7F-4392D7D7431D}.Debug|x86.Build.0 = Debug|Any CPU
		{7D19B2CA-26D0-49FF-8E7F-4392D7D7431D}.Release|Any CPU.ActiveCfg = Release|Any CPU
		{7D19B2CA-26D0-49FF-8E7F-4392D7D7431D}.Release|Any CPU.Build.0 = Release|Any CPU
		{7D19B2CA-26D0-49FF-8E7F-4392D7D7431D}.Release|ARM.ActiveCfg = Release|Any CPU
		{7D19B2CA-26D0-49FF-8E7F-4392D7D7431D}.Release|ARM.Build.0 = Release|Any CPU
		{7D19B2CA-26D0-49FF-8E7F-4392D7D7431D}.Release|iPhone.ActiveCfg = Release|Any CPU
		{7D19B2CA-26D0-49FF-8E7F-4392D7D7431D}.Release|iPhone.Build.0 = Release|Any CPU
		{7D19B2CA-26D0-49FF-8E7F-4392D7D7431D}.Release|iPhoneSimulator.ActiveCfg = Release|Any CPU
		{7D19B2CA-26D0-49FF-8E7F-4392D7D7431D}.Release|iPhoneSimulator.Build.0 = Release|Any CPU
		{7D19B2CA-26D0-49FF-8E7F-4392D7D7431D}.Release|x64.ActiveCfg = Release|Any CPU
		{7D19B2CA-26D0-49FF-8E7F-4392D7D7431D}.Release|x64.Build.0 = Release|Any CPU
		{7D19B2CA-26D0-49FF-8E7F-4392D7D7431D}.Release|x86.ActiveCfg = Release|Any CPU
		{7D19B2CA-26D0-49FF-8E7F-4392D7D7431D}.Release|x86.Build.0 = Release|Any CPU
		{79FC8506-250E-40D3-BFD8-228725268339}.Ad-Hoc|Any CPU.ActiveCfg = Debug|Any CPU
		{79FC8506-250E-40D3-BFD8-228725268339}.Ad-Hoc|Any CPU.Build.0 = Debug|Any CPU
		{79FC8506-250E-40D3-BFD8-228725268339}.Ad-Hoc|ARM.ActiveCfg = Debug|Any CPU
		{79FC8506-250E-40D3-BFD8-228725268339}.Ad-Hoc|ARM.Build.0 = Debug|Any CPU
		{79FC8506-250E-40D3-BFD8-228725268339}.Ad-Hoc|iPhone.ActiveCfg = Debug|Any CPU
		{79FC8506-250E-40D3-BFD8-228725268339}.Ad-Hoc|iPhone.Build.0 = Debug|Any CPU
		{79FC8506-250E-40D3-BFD8-228725268339}.Ad-Hoc|iPhoneSimulator.ActiveCfg = Debug|Any CPU
		{79FC8506-250E-40D3-BFD8-228725268339}.Ad-Hoc|iPhoneSimulator.Build.0 = Debug|Any CPU
		{79FC8506-250E-40D3-BFD8-228725268339}.Ad-Hoc|x64.ActiveCfg = Debug|Any CPU
		{79FC8506-250E-40D3-BFD8-228725268339}.Ad-Hoc|x64.Build.0 = Debug|Any CPU
		{79FC8506-250E-40D3-BFD8-228725268339}.Ad-Hoc|x86.ActiveCfg = Debug|Any CPU
		{79FC8506-250E-40D3-BFD8-228725268339}.Ad-Hoc|x86.Build.0 = Debug|Any CPU
		{79FC8506-250E-40D3-BFD8-228725268339}.AppStore|Any CPU.ActiveCfg = Debug|Any CPU
		{79FC8506-250E-40D3-BFD8-228725268339}.AppStore|Any CPU.Build.0 = Debug|Any CPU
		{79FC8506-250E-40D3-BFD8-228725268339}.AppStore|ARM.ActiveCfg = Debug|Any CPU
		{79FC8506-250E-40D3-BFD8-228725268339}.AppStore|ARM.Build.0 = Debug|Any CPU
		{79FC8506-250E-40D3-BFD8-228725268339}.AppStore|iPhone.ActiveCfg = Debug|Any CPU
		{79FC8506-250E-40D3-BFD8-228725268339}.AppStore|iPhone.Build.0 = Debug|Any CPU
		{79FC8506-250E-40D3-BFD8-228725268339}.AppStore|iPhoneSimulator.ActiveCfg = Debug|Any CPU
		{79FC8506-250E-40D3-BFD8-228725268339}.AppStore|iPhoneSimulator.Build.0 = Debug|Any CPU
		{79FC8506-250E-40D3-BFD8-228725268339}.AppStore|x64.ActiveCfg = Debug|Any CPU
		{79FC8506-250E-40D3-BFD8-228725268339}.AppStore|x64.Build.0 = Debug|Any CPU
		{79FC8506-250E-40D3-BFD8-228725268339}.AppStore|x86.ActiveCfg = Debug|Any CPU
		{79FC8506-250E-40D3-BFD8-228725268339}.AppStore|x86.Build.0 = Debug|Any CPU
		{79FC8506-250E-40D3-BFD8-228725268339}.Debug|Any CPU.ActiveCfg = Debug|Any CPU
		{79FC8506-250E-40D3-BFD8-228725268339}.Debug|Any CPU.Build.0 = Debug|Any CPU
		{79FC8506-250E-40D3-BFD8-228725268339}.Debug|ARM.ActiveCfg = Debug|Any CPU
		{79FC8506-250E-40D3-BFD8-228725268339}.Debug|ARM.Build.0 = Debug|Any CPU
		{79FC8506-250E-40D3-BFD8-228725268339}.Debug|iPhone.ActiveCfg = Debug|Any CPU
		{79FC8506-250E-40D3-BFD8-228725268339}.Debug|iPhone.Build.0 = Debug|Any CPU
		{79FC8506-250E-40D3-BFD8-228725268339}.Debug|iPhoneSimulator.ActiveCfg = Debug|Any CPU
		{79FC8506-250E-40D3-BFD8-228725268339}.Debug|iPhoneSimulator.Build.0 = Debug|Any CPU
		{79FC8506-250E-40D3-BFD8-228725268339}.Debug|x64.ActiveCfg = Debug|Any CPU
		{79FC8506-250E-40D3-BFD8-228725268339}.Debug|x64.Build.0 = Debug|Any CPU
		{79FC8506-250E-40D3-BFD8-228725268339}.Debug|x86.ActiveCfg = Debug|Any CPU
		{79FC8506-250E-40D3-BFD8-228725268339}.Debug|x86.Build.0 = Debug|Any CPU
		{79FC8506-250E-40D3-BFD8-228725268339}.Release|Any CPU.ActiveCfg = Release|Any CPU
		{79FC8506-250E-40D3-BFD8-228725268339}.Release|Any CPU.Build.0 = Release|Any CPU
		{79FC8506-250E-40D3-BFD8-228725268339}.Release|ARM.ActiveCfg = Release|Any CPU
		{79FC8506-250E-40D3-BFD8-228725268339}.Release|ARM.Build.0 = Release|Any CPU
		{79FC8506-250E-40D3-BFD8-228725268339}.Release|iPhone.ActiveCfg = Release|Any CPU
		{79FC8506-250E-40D3-BFD8-228725268339}.Release|iPhone.Build.0 = Release|Any CPU
		{79FC8506-250E-40D3-BFD8-228725268339}.Release|iPhoneSimulator.ActiveCfg = Release|Any CPU
		{79FC8506-250E-40D3-BFD8-228725268339}.Release|iPhoneSimulator.Build.0 = Release|Any CPU
		{79FC8506-250E-40D3-BFD8-228725268339}.Release|x64.ActiveCfg = Release|Any CPU
		{79FC8506-250E-40D3-BFD8-228725268339}.Release|x64.Build.0 = Release|Any CPU
		{79FC8506-250E-40D3-BFD8-228725268339}.Release|x86.ActiveCfg = Release|Any CPU
		{79FC8506-250E-40D3-BFD8-228725268339}.Release|x86.Build.0 = Release|Any CPU
		{E5AE6878-9657-4552-84DF-3A5A3A775E8D}.Ad-Hoc|Any CPU.ActiveCfg = Debug|Any CPU
		{E5AE6878-9657-4552-84DF-3A5A3A775E8D}.Ad-Hoc|Any CPU.Build.0 = Debug|Any CPU
		{E5AE6878-9657-4552-84DF-3A5A3A775E8D}.Ad-Hoc|ARM.ActiveCfg = Debug|Any CPU
		{E5AE6878-9657-4552-84DF-3A5A3A775E8D}.Ad-Hoc|ARM.Build.0 = Debug|Any CPU
		{E5AE6878-9657-4552-84DF-3A5A3A775E8D}.Ad-Hoc|iPhone.ActiveCfg = Debug|Any CPU
		{E5AE6878-9657-4552-84DF-3A5A3A775E8D}.Ad-Hoc|iPhone.Build.0 = Debug|Any CPU
		{E5AE6878-9657-4552-84DF-3A5A3A775E8D}.Ad-Hoc|iPhoneSimulator.ActiveCfg = Debug|Any CPU
		{E5AE6878-9657-4552-84DF-3A5A3A775E8D}.Ad-Hoc|iPhoneSimulator.Build.0 = Debug|Any CPU
		{E5AE6878-9657-4552-84DF-3A5A3A775E8D}.Ad-Hoc|x64.ActiveCfg = Debug|Any CPU
		{E5AE6878-9657-4552-84DF-3A5A3A775E8D}.Ad-Hoc|x64.Build.0 = Debug|Any CPU
		{E5AE6878-9657-4552-84DF-3A5A3A775E8D}.Ad-Hoc|x86.ActiveCfg = Debug|Any CPU
		{E5AE6878-9657-4552-84DF-3A5A3A775E8D}.Ad-Hoc|x86.Build.0 = Debug|Any CPU
		{E5AE6878-9657-4552-84DF-3A5A3A775E8D}.AppStore|Any CPU.ActiveCfg = Debug|Any CPU
		{E5AE6878-9657-4552-84DF-3A5A3A775E8D}.AppStore|Any CPU.Build.0 = Debug|Any CPU
		{E5AE6878-9657-4552-84DF-3A5A3A775E8D}.AppStore|ARM.ActiveCfg = Debug|Any CPU
		{E5AE6878-9657-4552-84DF-3A5A3A775E8D}.AppStore|ARM.Build.0 = Debug|Any CPU
		{E5AE6878-9657-4552-84DF-3A5A3A775E8D}.AppStore|iPhone.ActiveCfg = Debug|Any CPU
		{E5AE6878-9657-4552-84DF-3A5A3A775E8D}.AppStore|iPhone.Build.0 = Debug|Any CPU
		{E5AE6878-9657-4552-84DF-3A5A3A775E8D}.AppStore|iPhoneSimulator.ActiveCfg = Debug|Any CPU
		{E5AE6878-9657-4552-84DF-3A5A3A775E8D}.AppStore|iPhoneSimulator.Build.0 = Debug|Any CPU
		{E5AE6878-9657-4552-84DF-3A5A3A775E8D}.AppStore|x64.ActiveCfg = Debug|Any CPU
		{E5AE6878-9657-4552-84DF-3A5A3A775E8D}.AppStore|x64.Build.0 = Debug|Any CPU
		{E5AE6878-9657-4552-84DF-3A5A3A775E8D}.AppStore|x86.ActiveCfg = Debug|Any CPU
		{E5AE6878-9657-4552-84DF-3A5A3A775E8D}.AppStore|x86.Build.0 = Debug|Any CPU
		{E5AE6878-9657-4552-84DF-3A5A3A775E8D}.Debug|Any CPU.ActiveCfg = Debug|Any CPU
		{E5AE6878-9657-4552-84DF-3A5A3A775E8D}.Debug|Any CPU.Build.0 = Debug|Any CPU
		{E5AE6878-9657-4552-84DF-3A5A3A775E8D}.Debug|ARM.ActiveCfg = Debug|Any CPU
		{E5AE6878-9657-4552-84DF-3A5A3A775E8D}.Debug|ARM.Build.0 = Debug|Any CPU
		{E5AE6878-9657-4552-84DF-3A5A3A775E8D}.Debug|iPhone.ActiveCfg = Debug|Any CPU
		{E5AE6878-9657-4552-84DF-3A5A3A775E8D}.Debug|iPhone.Build.0 = Debug|Any CPU
		{E5AE6878-9657-4552-84DF-3A5A3A775E8D}.Debug|iPhoneSimulator.ActiveCfg = Debug|Any CPU
		{E5AE6878-9657-4552-84DF-3A5A3A775E8D}.Debug|iPhoneSimulator.Build.0 = Debug|Any CPU
		{E5AE6878-9657-4552-84DF-3A5A3A775E8D}.Debug|x64.ActiveCfg = Debug|Any CPU
		{E5AE6878-9657-4552-84DF-3A5A3A775E8D}.Debug|x64.Build.0 = Debug|Any CPU
		{E5AE6878-9657-4552-84DF-3A5A3A775E8D}.Debug|x86.ActiveCfg = Debug|Any CPU
		{E5AE6878-9657-4552-84DF-3A5A3A775E8D}.Debug|x86.Build.0 = Debug|Any CPU
		{E5AE6878-9657-4552-84DF-3A5A3A775E8D}.Release|Any CPU.ActiveCfg = Release|Any CPU
		{E5AE6878-9657-4552-84DF-3A5A3A775E8D}.Release|Any CPU.Build.0 = Release|Any CPU
		{E5AE6878-9657-4552-84DF-3A5A3A775E8D}.Release|ARM.ActiveCfg = Release|Any CPU
		{E5AE6878-9657-4552-84DF-3A5A3A775E8D}.Release|ARM.Build.0 = Release|Any CPU
		{E5AE6878-9657-4552-84DF-3A5A3A775E8D}.Release|iPhone.ActiveCfg = Release|Any CPU
		{E5AE6878-9657-4552-84DF-3A5A3A775E8D}.Release|iPhone.Build.0 = Release|Any CPU
		{E5AE6878-9657-4552-84DF-3A5A3A775E8D}.Release|iPhoneSimulator.ActiveCfg = Release|Any CPU
		{E5AE6878-9657-4552-84DF-3A5A3A775E8D}.Release|iPhoneSimulator.Build.0 = Release|Any CPU
		{E5AE6878-9657-4552-84DF-3A5A3A775E8D}.Release|x64.ActiveCfg = Release|Any CPU
		{E5AE6878-9657-4552-84DF-3A5A3A775E8D}.Release|x64.Build.0 = Release|Any CPU
		{E5AE6878-9657-4552-84DF-3A5A3A775E8D}.Release|x86.ActiveCfg = Release|Any CPU
		{E5AE6878-9657-4552-84DF-3A5A3A775E8D}.Release|x86.Build.0 = Release|Any CPU
	EndGlobalSection
	GlobalSection(SolutionProperties) = preSolution
		HideSolutionNode = FALSE
	EndGlobalSection
	GlobalSection(ExtensibilityGlobals) = postSolution
		SolutionGuid = {44E4A7CF-B769-42D1-AEC1-F1652E71C261}
	EndGlobalSection
EndGlobal
